
Microsoft Visual Studio Solution File, Format Version 12.00
# Visual Studio Version 16
VisualStudioVersion = 16.0.30320.27
MinimumVisualStudioVersion = 10.0.40219.1
Project("{2150E333-8FDC-42A3-9474-1A3956D46DE8}") = "src", "src", "{E948DCBE-8437-4D99-A888-CF201CE1591F}"
EndProject
Project("{2150E333-8FDC-42A3-9474-1A3956D46DE8}") = "Catalog", "Catalog", "{68EC7DA5-897C-465A-8CBA-06DE1B05D7B4}"
EndProject
Project("{9A19103F-16F7-4668-BE54-9A1E7A4F7556}") = "Catalog.API", "src\Catalog\Catalog.API\Catalog.API.csproj", "{C29E7AC1-C898-4AE0-9735-71846C0E0542}"
EndProject
Project("{E53339B2-1760-4266-BCC7-CA923CBCF16C}") = "docker-compose", "docker-compose.dcproj", "{4F1B95D1-B86D-450D-991F-7EBAFF7678CD}"
EndProject
Project("{2150E333-8FDC-42A3-9474-1A3956D46DE8}") = "Basket", "Basket", "{BFF5849A-1446-40DD-8A64-759C3D10CC8B}"
EndProject
Project("{9A19103F-16F7-4668-BE54-9A1E7A4F7556}") = "Basket.API", "src\Basket\Basket.API\Basket.API.csproj", "{3D403D24-5E84-42F2-8A02-7B6E18FA21B6}"
EndProject
Project("{2150E333-8FDC-42A3-9474-1A3956D46DE8}") = "Common", "Common", "{43F1F773-C9E0-4CCA-BE9F-63756B8B520E}"
EndProject
Project("{FAE04EC0-301F-11D3-BF4B-00C04F79EFBC}") = "EventBusRabbitMQ", "src\Common\EventBusRabbitMQ\EventBusRabbitMQ.csproj", "{D867E0BB-4999-4545-B4C3-951143960A7D}"
EndProject
Global
	GlobalSection(SolutionConfigurationPlatforms) = preSolution
		Debug|Any CPU = Debug|Any CPU
		Release|Any CPU = Release|Any CPU
	EndGlobalSection
	GlobalSection(ProjectConfigurationPlatforms) = postSolution
		{C29E7AC1-C898-4AE0-9735-71846C0E0542}.Debug|Any CPU.ActiveCfg = Debug|Any CPU
		{C29E7AC1-C898-4AE0-9735-71846C0E0542}.Debug|Any CPU.Build.0 = Debug|Any CPU
		{C29E7AC1-C898-4AE0-9735-71846C0E0542}.Release|Any CPU.ActiveCfg = Release|Any CPU
		{C29E7AC1-C898-4AE0-9735-71846C0E0542}.Release|Any CPU.Build.0 = Release|Any CPU
		{4F1B95D1-B86D-450D-991F-7EBAFF7678CD}.Debug|Any CPU.ActiveCfg = Debug|Any CPU
		{4F1B95D1-B86D-450D-991F-7EBAFF7678CD}.Debug|Any CPU.Build.0 = Debug|Any CPU
		{4F1B95D1-B86D-450D-991F-7EBAFF7678CD}.Release|Any CPU.ActiveCfg = Release|Any CPU
		{4F1B95D1-B86D-450D-991F-7EBAFF7678CD}.Release|Any CPU.Build.0 = Release|Any CPU
		{3D403D24-5E84-42F2-8A02-7B6E18FA21B6}.Debug|Any CPU.ActiveCfg = Debug|Any CPU
		{3D403D24-5E84-42F2-8A02-7B6E18FA21B6}.Debug|Any CPU.Build.0 = Debug|Any CPU
		{3D403D24-5E84-42F2-8A02-7B6E18FA21B6}.Release|Any CPU.ActiveCfg = Release|Any CPU
		{3D403D24-5E84-42F2-8A02-7B6E18FA21B6}.Release|Any CPU.Build.0 = Release|Any CPU
		{D867E0BB-4999-4545-B4C3-951143960A7D}.Debug|Any CPU.ActiveCfg = Debug|Any CPU
		{D867E0BB-4999-4545-B4C3-951143960A7D}.Debug|Any CPU.Build.0 = Debug|Any CPU
		{D867E0BB-4999-4545-B4C3-951143960A7D}.Release|Any CPU.ActiveCfg = Release|Any CPU
		{D867E0BB-4999-4545-B4C3-951143960A7D}.Release|Any CPU.Build.0 = Release|Any CPU
	EndGlobalSection
	GlobalSection(SolutionProperties) = preSolution
		HideSolutionNode = FALSE
	EndGlobalSection
	GlobalSection(NestedProjects) = preSolution
		{68EC7DA5-897C-465A-8CBA-06DE1B05D7B4} = {E948DCBE-8437-4D99-A888-CF201CE1591F}
		{C29E7AC1-C898-4AE0-9735-71846C0E0542} = {68EC7DA5-897C-465A-8CBA-06DE1B05D7B4}
		{BFF5849A-1446-40DD-8A64-759C3D10CC8B} = {E948DCBE-8437-4D99-A888-CF201CE1591F}
		{3D403D24-5E84-42F2-8A02-7B6E18FA21B6} = {BFF5849A-1446-40DD-8A64-759C3D10CC8B}
		{43F1F773-C9E0-4CCA-BE9F-63756B8B520E} = {E948DCBE-8437-4D99-A888-CF201CE1591F}
		{D867E0BB-4999-4545-B4C3-951143960A7D} = {43F1F773-C9E0-4CCA-BE9F-63756B8B520E}
	EndGlobalSection
	GlobalSection(ExtensibilityGlobals) = postSolution
		SolutionGuid = {3CF2E3F3-AB28-4656-8AB1-9F77625705F9}
	EndGlobalSection
EndGlobal
